
Microsoft Visual Studio Solution File, Format Version 12.00
# Visual Studio Version 17
VisualStudioVersion = 17.4.33122.133
MinimumVisualStudioVersion = 10.0.40219.1
Project("{9A19103F-16F7-4668-BE54-9A1E7A4F7556}") = "Hai.DataAcces", "Hai.DataAcces\Hai.DataAcces.csproj", "{48B9394C-7249-4043-9DE5-12529444C538}"
EndProject
Project("{9A19103F-16F7-4668-BE54-9A1E7A4F7556}") = "Hai.BusinessLayer", "Hai.BusinessLayer\Hai.BusinessLayer.csproj", "{6F00E607-A37E-4E52-833A-5B01711796A5}"
EndProject
Project("{9A19103F-16F7-4668-BE54-9A1E7A4F7556}") = "Hai.Entities", "Hai.Entities\Hai.Entities.csproj", "{E8C82FE4-D80F-4FD3-BA13-7F7A4EED7DEF}"
EndProject
Project("{9A19103F-16F7-4668-BE54-9A1E7A4F7556}") = "Hai.UI", "Hai.UI\Hai.UI.csproj", "{A310EF6B-1186-4242-A3D6-428746CCE6BB}"
EndProject
Project("{2150E333-8FDC-42A3-9474-1A3956D46DE8}") = "Database", "Database", "{105D93C7-26D8-4797-A98B-A024A99439F1}"
	ProjectSection(SolutionItems) = preProject
		..\..\..\..\..\Program Files\Microsoft SQL Server\MSSQL15.MSSQLSERVER\MSSQL\Backup\inan.bak = ..\..\..\..\..\Program Files\Microsoft SQL Server\MSSQL15.MSSQLSERVER\MSSQL\Backup\inan.bak
	EndProjectSection
EndProject
Global
	GlobalSection(SolutionConfigurationPlatforms) = preSolution
		Debug|Any CPU = Debug|Any CPU
		Release|Any CPU = Release|Any CPU
	EndGlobalSection
	GlobalSection(ProjectConfigurationPlatforms) = postSolution
		{48B9394C-7249-4043-9DE5-12529444C538}.Debug|Any CPU.ActiveCfg = Debug|Any CPU
		{48B9394C-7249-4043-9DE5-12529444C538}.Debug|Any CPU.Build.0 = Debug|Any CPU
		{48B9394C-7249-4043-9DE5-12529444C538}.Release|Any CPU.ActiveCfg = Release|Any CPU
		{48B9394C-7249-4043-9DE5-12529444C538}.Release|Any CPU.Build.0 = Release|Any CPU
		{6F00E607-A37E-4E52-833A-5B01711796A5}.Debug|Any CPU.ActiveCfg = Debug|Any CPU
		{6F00E607-A37E-4E52-833A-5B01711796A5}.Debug|Any CPU.Build.0 = Debug|Any CPU
		{6F00E607-A37E-4E52-833A-5B01711796A5}.Release|Any CPU.ActiveCfg = Release|Any CPU
		{6F00E607-A37E-4E52-833A-5B01711796A5}.Release|Any CPU.Build.0 = Release|Any CPU
		{E8C82FE4-D80F-4FD3-BA13-7F7A4EED7DEF}.Debug|Any CPU.ActiveCfg = Debug|Any CPU
		{E8C82FE4-D80F-4FD3-BA13-7F7A4EED7DEF}.Debug|Any CPU.Build.0 = Debug|Any CPU
		{E8C82FE4-D80F-4FD3-BA13-7F7A4EED7DEF}.Release|Any CPU.ActiveCfg = Release|Any CPU
		{E8C82FE4-D80F-4FD3-BA13-7F7A4EED7DEF}.Release|Any CPU.Build.0 = Release|Any CPU
		{A310EF6B-1186-4242-A3D6-428746CCE6BB}.Debug|Any CPU.ActiveCfg = Debug|Any CPU
		{A310EF6B-1186-4242-A3D6-428746CCE6BB}.Debug|Any CPU.Build.0 = Debug|Any CPU
		{A310EF6B-1186-4242-A3D6-428746CCE6BB}.Release|Any CPU.ActiveCfg = Release|Any CPU
		{A310EF6B-1186-4242-A3D6-428746CCE6BB}.Release|Any CPU.Build.0 = Release|Any CPU
	EndGlobalSection
	GlobalSection(SolutionProperties) = preSolution
		HideSolutionNode = FALSE
	EndGlobalSection
	GlobalSection(ExtensibilityGlobals) = postSolution
		SolutionGuid = {BA72C059-4AF0-4DD8-881F-23ED1C9DCFD3}
	EndGlobalSection
EndGlobal
